
Microsoft Visual Studio Solution File, Format Version 12.00
# Visual Studio Version 16
VisualStudioVersion = 16.0.30104.148
MinimumVisualStudioVersion = 10.0.40219.1
Project("{8BC9CEB8-8B4A-11D0-8D11-00A0C91BC942}") = "floyd-warshall", "floyd-warshall.vcxproj", "{D042575A-6422-4E72-9D8C-F242E3B61FEE}"
EndProject
Global
	GlobalSection(SolutionConfigurationPlatforms) = preSolution
		Debug|x64 = Debug|x64
		Debug|x86 = Debug|x86
		Release|x64 = Release|x64
		Release|x86 = Release|x86
	EndGlobalSection
	GlobalSection(ProjectConfigurationPlatforms) = postSolution
		{D042575A-6422-4E72-9D8C-F242E3B61FEE}.Debug|x64.ActiveCfg = Debug|x64
		{D042575A-6422-4E72-9D8C-F242E3B61FEE}.Debug|x64.Build.0 = Debug|x64
		{D042575A-6422-4E72-9D8C-F242E3B61FEE}.Debug|x86.ActiveCfg = Debug|Win32
		{D042575A-6422-4E72-9D8C-F242E3B61FEE}.Debug|x86.Build.0 = Debug|Win32
		{D042575A-6422-4E72-9D8C-F242E3B61FEE}.Release|x64.ActiveCfg = Release|x64
		{D042575A-6422-4E72-9D8C-F242E3B61FEE}.Release|x64.Build.0 = Release|x64
		{D042575A-6422-4E72-9D8C-F242E3B61FEE}.Release|x86.ActiveCfg = Release|Win32
		{D042575A-6422-4E72-9D8C-F242E3B61FEE}.Release|x86.Build.0 = Release|Win32
	EndGlobalSection
	GlobalSection(SolutionProperties) = preSolution
		HideSolutionNode = FALSE
	EndGlobalSection
	GlobalSection(ExtensibilityGlobals) = postSolution
		SolutionGuid = {FA130615-CB07-4690-AA37-84372CA4EC7E}
	EndGlobalSection
EndGlobal
